
Microsoft Visual Studio Solution File, Format Version 12.00
# Visual Studio Version 17
VisualStudioVersion = 17.2.32630.192
MinimumVisualStudioVersion = 10.0.40219.1
Project("{9A19103F-16F7-4668-BE54-9A1E7A4F7556}") = "Planck", "Planck\Planck.csproj", "{E02A7489-D9A3-4871-930C-73AD4E8D212F}"
EndProject
Project("{9A19103F-16F7-4668-BE54-9A1E7A4F7556}") = "Planck.Demo.SelfHosted", "Planck.Demo.SelfHosted\Planck.Demo.SelfHosted.csproj", "{30C18F96-B4B1-4238-AA88-B1C1E5E9E8C4}"
EndProject
Project("{9A19103F-16F7-4668-BE54-9A1E7A4F7556}") = "Planck.MacroConfig", "Planck.MacroConfig\Planck.MacroConfig.csproj", "{83673330-FC15-4BEE-896B-93024BAD77C6}"
EndProject
Project("{9A19103F-16F7-4668-BE54-9A1E7A4F7556}") = "Planck.MSBuild", "Planck.MSBuild\Planck.MSBuild.csproj", "{5DEFA9B4-9051-4E23-B98C-DFFCA66591AF}"
EndProject
Global
	GlobalSection(SolutionConfigurationPlatforms) = preSolution
		Debug|Any CPU = Debug|Any CPU
		Debug|arm64 = Debug|arm64
		Debug|x64 = Debug|x64
		Debug|x86 = Debug|x86
		Release|Any CPU = Release|Any CPU
		Release|arm64 = Release|arm64
		Release|x64 = Release|x64
		Release|x86 = Release|x86
	EndGlobalSection
	GlobalSection(ProjectConfigurationPlatforms) = postSolution
		{E02A7489-D9A3-4871-930C-73AD4E8D212F}.Debug|Any CPU.ActiveCfg = Debug|Any CPU
		{E02A7489-D9A3-4871-930C-73AD4E8D212F}.Debug|Any CPU.Build.0 = Debug|Any CPU
		{E02A7489-D9A3-4871-930C-73AD4E8D212F}.Debug|arm64.ActiveCfg = Debug|Any CPU
		{E02A7489-D9A3-4871-930C-73AD4E8D212F}.Debug|arm64.Build.0 = Debug|Any CPU
		{E02A7489-D9A3-4871-930C-73AD4E8D212F}.Debug|x64.ActiveCfg = Debug|Any CPU
		{E02A7489-D9A3-4871-930C-73AD4E8D212F}.Debug|x64.Build.0 = Debug|Any CPU
		{E02A7489-D9A3-4871-930C-73AD4E8D212F}.Debug|x86.ActiveCfg = Debug|Any CPU
		{E02A7489-D9A3-4871-930C-73AD4E8D212F}.Debug|x86.Build.0 = Debug|Any CPU
		{E02A7489-D9A3-4871-930C-73AD4E8D212F}.Release|Any CPU.ActiveCfg = Release|Any CPU
		{E02A7489-D9A3-4871-930C-73AD4E8D212F}.Release|Any CPU.Build.0 = Release|Any CPU
		{E02A7489-D9A3-4871-930C-73AD4E8D212F}.Release|arm64.ActiveCfg = Release|Any CPU
		{E02A7489-D9A3-4871-930C-73AD4E8D212F}.Release|arm64.Build.0 = Release|Any CPU
		{E02A7489-D9A3-4871-930C-73AD4E8D212F}.Release|x64.ActiveCfg = Release|Any CPU
		{E02A7489-D9A3-4871-930C-73AD4E8D212F}.Release|x64.Build.0 = Release|Any CPU
		{E02A7489-D9A3-4871-930C-73AD4E8D212F}.Release|x86.ActiveCfg = Release|Any CPU
		{E02A7489-D9A3-4871-930C-73AD4E8D212F}.Release|x86.Build.0 = Release|Any CPU
		{30C18F96-B4B1-4238-AA88-B1C1E5E9E8C4}.Debug|Any CPU.ActiveCfg = Debug|Any CPU
		{30C18F96-B4B1-4238-AA88-B1C1E5E9E8C4}.Debug|Any CPU.Build.0 = Debug|Any CPU
		{30C18F96-B4B1-4238-AA88-B1C1E5E9E8C4}.Debug|arm64.ActiveCfg = Debug|Any CPU
		{30C18F96-B4B1-4238-AA88-B1C1E5E9E8C4}.Debug|arm64.Build.0 = Debug|Any CPU
		{30C18F96-B4B1-4238-AA88-B1C1E5E9E8C4}.Debug|x64.ActiveCfg = Debug|Any CPU
		{30C18F96-B4B1-4238-AA88-B1C1E5E9E8C4}.Debug|x64.Build.0 = Debug|Any CPU
		{30C18F96-B4B1-4238-AA88-B1C1E5E9E8C4}.Debug|x86.ActiveCfg = Debug|Any CPU
		{30C18F96-B4B1-4238-AA88-B1C1E5E9E8C4}.Debug|x86.Build.0 = Debug|Any CPU
		{30C18F96-B4B1-4238-AA88-B1C1E5E9E8C4}.Release|Any CPU.ActiveCfg = Release|Any CPU
		{30C18F96-B4B1-4238-AA88-B1C1E5E9E8C4}.Release|Any CPU.Build.0 = Release|Any CPU
		{30C18F96-B4B1-4238-AA88-B1C1E5E9E8C4}.Release|arm64.ActiveCfg = Release|Any CPU
		{30C18F96-B4B1-4238-AA88-B1C1E5E9E8C4}.Release|arm64.Build.0 = Release|Any CPU
		{30C18F96-B4B1-4238-AA88-B1C1E5E9E8C4}.Release|x64.ActiveCfg = Release|Any CPU
		{30C18F96-B4B1-4238-AA88-B1C1E5E9E8C4}.Release|x64.Build.0 = Release|Any CPU
		{30C18F96-B4B1-4238-AA88-B1C1E5E9E8C4}.Release|x86.ActiveCfg = Release|Any CPU
		{30C18F96-B4B1-4238-AA88-B1C1E5E9E8C4}.Release|x86.Build.0 = Release|Any CPU
		{83673330-FC15-4BEE-896B-93024BAD77C6}.Debug|Any CPU.ActiveCfg = Debug|Any CPU
		{83673330-FC15-4BEE-896B-93024BAD77C6}.Debug|Any CPU.Build.0 = Debug|Any CPU
		{83673330-FC15-4BEE-896B-93024BAD77C6}.Debug|arm64.ActiveCfg = Debug|Any CPU
		{83673330-FC15-4BEE-896B-93024BAD77C6}.Debug|arm64.Build.0 = Debug|Any CPU
		{83673330-FC15-4BEE-896B-93024BAD77C6}.Debug|x64.ActiveCfg = Debug|Any CPU
		{83673330-FC15-4BEE-896B-93024BAD77C6}.Debug|x64.Build.0 = Debug|Any CPU
		{83673330-FC15-4BEE-896B-93024BAD77C6}.Debug|x86.ActiveCfg = Debug|Any CPU
		{83673330-FC15-4BEE-896B-93024BAD77C6}.Debug|x86.Build.0 = Debug|Any CPU
		{83673330-FC15-4BEE-896B-93024BAD77C6}.Release|Any CPU.ActiveCfg = Release|Any CPU
		{83673330-FC15-4BEE-896B-93024BAD77C6}.Release|Any CPU.Build.0 = Release|Any CPU
		{83673330-FC15-4BEE-896B-93024BAD77C6}.Release|arm64.ActiveCfg = Release|Any CPU
		{83673330-FC15-4BEE-896B-93024BAD77C6}.Release|arm64.Build.0 = Release|Any CPU
		{83673330-FC15-4BEE-896B-93024BAD77C6}.Release|x64.ActiveCfg = Release|Any CPU
		{83673330-FC15-4BEE-896B-93024BAD77C6}.Release|x64.Build.0 = Release|Any CPU
		{83673330-FC15-4BEE-896B-93024BAD77C6}.Release|x86.ActiveCfg = Release|Any CPU
		{83673330-FC15-4BEE-896B-93024BAD77C6}.Release|x86.Build.0 = Release|Any CPU
		{5DEFA9B4-9051-4E23-B98C-DFFCA66591AF}.Debug|Any CPU.ActiveCfg = Debug|Any CPU
		{5DEFA9B4-9051-4E23-B98C-DFFCA66591AF}.Debug|Any CPU.Build.0 = Debug|Any CPU
		{5DEFA9B4-9051-4E23-B98C-DFFCA66591AF}.Debug|arm64.ActiveCfg = Debug|Any CPU
		{5DEFA9B4-9051-4E23-B98C-DFFCA66591AF}.Debug|arm64.Build.0 = Debug|Any CPU
		{5DEFA9B4-9051-4E23-B98C-DFFCA66591AF}.Debug|x64.ActiveCfg = Debug|Any CPU
		{5DEFA9B4-9051-4E23-B98C-DFFCA66591AF}.Debug|x64.Build.0 = Debug|Any CPU
		{5DEFA9B4-9051-4E23-B98C-DFFCA66591AF}.Debug|x86.ActiveCfg = Debug|Any CPU
		{5DEFA9B4-9051-4E23-B98C-DFFCA66591AF}.Debug|x86.Build.0 = Debug|Any CPU
		{5DEFA9B4-9051-4E23-B98C-DFFCA66591AF}.Release|Any CPU.ActiveCfg = Release|Any CPU
		{5DEFA9B4-9051-4E23-B98C-DFFCA66591AF}.Release|Any CPU.Build.0 = Release|Any CPU
		{5DEFA9B4-9051-4E23-B98C-DFFCA66591AF}.Release|arm64.ActiveCfg = Release|Any CPU
		{5DEFA9B4-9051-4E23-B98C-DFFCA66591AF}.Release|arm64.Build.0 = Release|Any CPU
		{5DEFA9B4-9051-4E23-B98C-DFFCA66591AF}.Release|x64.ActiveCfg = Release|Any CPU
		{5DEFA9B4-9051-4E23-B98C-DFFCA66591AF}.Release|x64.Build.0 = Release|Any CPU
		{5DEFA9B4-9051-4E23-B98C-DFFCA66591AF}.Release|x86.ActiveCfg = Release|Any CPU
		{5DEFA9B4-9051-4E23-B98C-DFFCA66591AF}.Release|x86.Build.0 = Release|Any CPU
	EndGlobalSection
	GlobalSection(SolutionProperties) = preSolution
		HideSolutionNode = FALSE
	EndGlobalSection
	GlobalSection(ExtensibilityGlobals) = postSolution
		SolutionGuid = {9094BFF4-C239-4E32-8575-5E9914036B7D}
	EndGlobalSection
EndGlobal
